
Microsoft Visual Studio Solution File, Format Version 12.00
# Visual Studio 15
VisualStudioVersion = 15.0.28010.2016
MinimumVisualStudioVersion = 10.0.40219.1
Project("{FAE04EC0-301F-11D3-BF4B-00C04F79EFBC}") = "HoursAngle", "ConsoleApp18\HoursAngle.csproj", "{61CA4C04-127B-40DD-A075-49CE7EA14F9F}"
EndProject
Global
	GlobalSection(SolutionConfigurationPlatforms) = preSolution
		Debug|Any CPU = Debug|Any CPU
		Release|Any CPU = Release|Any CPU
	EndGlobalSection
	GlobalSection(ProjectConfigurationPlatforms) = postSolution
		{61CA4C04-127B-40DD-A075-49CE7EA14F9F}.Debug|Any CPU.ActiveCfg = Debug|Any CPU
		{61CA4C04-127B-40DD-A075-49CE7EA14F9F}.Debug|Any CPU.Build.0 = Debug|Any CPU
		{61CA4C04-127B-40DD-A075-49CE7EA14F9F}.Release|Any CPU.ActiveCfg = Release|Any CPU
		{61CA4C04-127B-40DD-A075-49CE7EA14F9F}.Release|Any CPU.Build.0 = Release|Any CPU
	EndGlobalSection
	GlobalSection(SolutionProperties) = preSolution
		HideSolutionNode = FALSE
	EndGlobalSection
	GlobalSection(ExtensibilityGlobals) = postSolution
		SolutionGuid = {CFA33710-1530-4872-A640-9226FF0C7956}
	EndGlobalSection
EndGlobal
